{
  "name": "hexo-filter-mermaid-diagrams",
  "version": "1.0.0",
  "lockfileVersion": 1,
  "requires": true,
  "dependencies": {
    "deep-assign": {
      "version": "2.0.0",
      "resolved": "https://registry.npmjs.org/deep-assign/-/deep-assign-2.0.0.tgz",
      "integrity": "sha1-6+BrHwfwja5ZdiDj3RYi83GhxXI=",
      "requires": {
        "is-obj": "1.0.1"
      }
    },
    "is-obj": {
      "version": "1.0.1",
      "resolved": "https://registry.npmjs.org/is-obj/-/is-obj-1.0.1.tgz",
      "integrity": "sha1-PkcprB9f3gJc19g6iW2rn09n2w8="
    }
  }
}
